
Microsoft Visual Studio Solution File, Format Version 12.00
# Visual Studio Version 17
VisualStudioVersion = 17.0.32112.339
MinimumVisualStudioVersion = 10.0.40219.1
Project("{FAE04EC0-301F-11D3-BF4B-00C04F79EFBC}") = "ProjectApi", "ProjectApi.csproj", "{9D6C3A37-D881-45C7-98B6-F2C99833F422}"
EndProject
Global
	GlobalSection(SolutionConfigurationPlatforms) = preSolution
		Debug|Any CPU = Debug|Any CPU
		Release|Any CPU = Release|Any CPU
	EndGlobalSection
	GlobalSection(ProjectConfigurationPlatforms) = postSolution
		{9D6C3A37-D881-45C7-98B6-F2C99833F422}.Debug|Any CPU.ActiveCfg = Debug|Any CPU
		{9D6C3A37-D881-45C7-98B6-F2C99833F422}.Debug|Any CPU.Build.0 = Debug|Any CPU
		{9D6C3A37-D881-45C7-98B6-F2C99833F422}.Release|Any CPU.ActiveCfg = Release|Any CPU
		{9D6C3A37-D881-45C7-98B6-F2C99833F422}.Release|Any CPU.Build.0 = Release|Any CPU
	EndGlobalSection
	GlobalSection(SolutionProperties) = preSolution
		HideSolutionNode = FALSE
	EndGlobalSection
	GlobalSection(ExtensibilityGlobals) = postSolution
		SolutionGuid = {25EF74C0-D4A0-46EB-A03A-0E5801DDF34C}
	EndGlobalSection
EndGlobal
